
Microsoft Visual Studio Solution File, Format Version 12.00
# Visual Studio Version 17
VisualStudioVersion = 17.10.35027.167
MinimumVisualStudioVersion = 10.0.40219.1
Project("{9A19103F-16F7-4668-BE54-9A1E7A4F7556}") = "Richasy.WinUI.Share", "src\Richasy.WinUI.Share.csproj", "{F37EC4EF-B379-48AD-A05E-00E17FE400EF}"
EndProject
Global
	GlobalSection(SolutionConfigurationPlatforms) = preSolution
		Debug|Any CPU = Debug|Any CPU
		Publish|Any CPU = Publish|Any CPU
		Release|Any CPU = Release|Any CPU
	EndGlobalSection
	GlobalSection(ProjectConfigurationPlatforms) = postSolution
		{F37EC4EF-B379-48AD-A05E-00E17FE400EF}.Debug|Any CPU.ActiveCfg = Debug|Any CPU
		{F37EC4EF-B379-48AD-A05E-00E17FE400EF}.Debug|Any CPU.Build.0 = Debug|Any CPU
		{F37EC4EF-B379-48AD-A05E-00E17FE400EF}.Publish|Any CPU.ActiveCfg = Publish|Any CPU
		{F37EC4EF-B379-48AD-A05E-00E17FE400EF}.Publish|Any CPU.Build.0 = Publish|Any CPU
		{F37EC4EF-B379-48AD-A05E-00E17FE400EF}.Release|Any CPU.ActiveCfg = Release|Any CPU
		{F37EC4EF-B379-48AD-A05E-00E17FE400EF}.Release|Any CPU.Build.0 = Release|Any CPU
	EndGlobalSection
	GlobalSection(SolutionProperties) = preSolution
		HideSolutionNode = FALSE
	EndGlobalSection
	GlobalSection(ExtensibilityGlobals) = postSolution
		SolutionGuid = {81CE0005-4CDE-409D-9721-794B59E5E0BF}
	EndGlobalSection
EndGlobal
